
Microsoft Visual Studio Solution File, Format Version 12.00
# Visual Studio Version 16
VisualStudioVersion = 16.0.30621.155
MinimumVisualStudioVersion = 10.0.40219.1
Project("{FAE04EC0-301F-11D3-BF4B-00C04F79EFBC}") = "MiGame", "MiGame.csproj", "{ADFA1AF9-CD9D-4C3F-BCDB-5F1F4D42AA37}"
EndProject
Project("{2150E333-8FDC-42A3-9474-1A3956D46DE8}") = "Dependencies", "Dependencies", "{DD312708-DE1A-442D-BE21-126FAD675A6B}"
	ProjectSection(SolutionItems) = preProject
		Dependencies\MiCore.dll = Dependencies\MiCore.dll
		Dependencies\MiGfx.dll = Dependencies\MiGfx.dll
		Dependencies\MiInput.dll = Dependencies\MiInput.dll
		Dependencies\XInputDotNetPure.dll = Dependencies\XInputDotNetPure.dll
		Dependencies\XInputInterface.dll = Dependencies\XInputInterface.dll
	EndProjectSection
EndProject
Project("{FAE04EC0-301F-11D3-BF4B-00C04F79EFBC}") = "MiGameTest", "MiGameTest\MiGameTest.csproj", "{7B3544E2-06EA-4386-B43E-C8882977532C}"
EndProject
Global
	GlobalSection(SolutionConfigurationPlatforms) = preSolution
		Debug|Any CPU = Debug|Any CPU
		Debug|x64 = Debug|x64
		Debug|x86 = Debug|x86
		Release|Any CPU = Release|Any CPU
		Release|x64 = Release|x64
		Release|x86 = Release|x86
	EndGlobalSection
	GlobalSection(ProjectConfigurationPlatforms) = postSolution
		{ADFA1AF9-CD9D-4C3F-BCDB-5F1F4D42AA37}.Debug|Any CPU.ActiveCfg = Debug|Any CPU
		{ADFA1AF9-CD9D-4C3F-BCDB-5F1F4D42AA37}.Debug|Any CPU.Build.0 = Debug|Any CPU
		{ADFA1AF9-CD9D-4C3F-BCDB-5F1F4D42AA37}.Debug|x64.ActiveCfg = Debug|x64
		{ADFA1AF9-CD9D-4C3F-BCDB-5F1F4D42AA37}.Debug|x64.Build.0 = Debug|x64
		{ADFA1AF9-CD9D-4C3F-BCDB-5F1F4D42AA37}.Debug|x86.ActiveCfg = Debug|x86
		{ADFA1AF9-CD9D-4C3F-BCDB-5F1F4D42AA37}.Debug|x86.Build.0 = Debug|x86
		{ADFA1AF9-CD9D-4C3F-BCDB-5F1F4D42AA37}.Release|Any CPU.ActiveCfg = Release|Any CPU
		{ADFA1AF9-CD9D-4C3F-BCDB-5F1F4D42AA37}.Release|Any CPU.Build.0 = Release|Any CPU
		{ADFA1AF9-CD9D-4C3F-BCDB-5F1F4D42AA37}.Release|x64.ActiveCfg = Release|x64
		{ADFA1AF9-CD9D-4C3F-BCDB-5F1F4D42AA37}.Release|x64.Build.0 = Release|x64
		{ADFA1AF9-CD9D-4C3F-BCDB-5F1F4D42AA37}.Release|x86.ActiveCfg = Release|x86
		{ADFA1AF9-CD9D-4C3F-BCDB-5F1F4D42AA37}.Release|x86.Build.0 = Release|x86
		{7B3544E2-06EA-4386-B43E-C8882977532C}.Debug|Any CPU.ActiveCfg = Debug|Any CPU
		{7B3544E2-06EA-4386-B43E-C8882977532C}.Debug|Any CPU.Build.0 = Debug|Any CPU
		{7B3544E2-06EA-4386-B43E-C8882977532C}.Debug|x64.ActiveCfg = Debug|x64
		{7B3544E2-06EA-4386-B43E-C8882977532C}.Debug|x64.Build.0 = Debug|x64
		{7B3544E2-06EA-4386-B43E-C8882977532C}.Debug|x86.ActiveCfg = Debug|x86
		{7B3544E2-06EA-4386-B43E-C8882977532C}.Debug|x86.Build.0 = Debug|x86
		{7B3544E2-06EA-4386-B43E-C8882977532C}.Release|Any CPU.ActiveCfg = Release|Any CPU
		{7B3544E2-06EA-4386-B43E-C8882977532C}.Release|Any CPU.Build.0 = Release|Any CPU
		{7B3544E2-06EA-4386-B43E-C8882977532C}.Release|x64.ActiveCfg = Release|x64
		{7B3544E2-06EA-4386-B43E-C8882977532C}.Release|x64.Build.0 = Release|x64
		{7B3544E2-06EA-4386-B43E-C8882977532C}.Release|x86.ActiveCfg = Release|x86
		{7B3544E2-06EA-4386-B43E-C8882977532C}.Release|x86.Build.0 = Release|x86
	EndGlobalSection
	GlobalSection(SolutionProperties) = preSolution
		HideSolutionNode = FALSE
	EndGlobalSection
	GlobalSection(ExtensibilityGlobals) = postSolution
		SolutionGuid = {6FBC636D-BAA2-43FC-83A0-589234FBB156}
	EndGlobalSection
EndGlobal
