
Microsoft Visual Studio Solution File, Format Version 12.00
# Visual Studio Version 16
VisualStudioVersion = 16.0.30621.155
MinimumVisualStudioVersion = 10.0.40219.1
Project("{FAE04EC0-301F-11D3-BF4B-00C04F79EFBC}") = "SharpGame", "SharpGame.csproj", "{ADFA1AF9-CD9D-4C3F-BCDB-5F1F4D42AA37}"
EndProject
Project("{2150E333-8FDC-42A3-9474-1A3956D46DE8}") = "Dependencies", "Dependencies", "{DD312708-DE1A-442D-BE21-126FAD675A6B}"
	ProjectSection(SolutionItems) = preProject
		Dependencies\SharpLogger.dll = Dependencies\SharpLogger.dll
		Dependencies\SharpSerial.dll = Dependencies\SharpSerial.dll
		Dependencies\SharpTest.dll = Dependencies\SharpTest.dll
	EndProjectSection
EndProject
Project("{FAE04EC0-301F-11D3-BF4B-00C04F79EFBC}") = "SharpGameTest", "SharpGameTest\SharpGameTest.csproj", "{7B3544E2-06EA-4386-B43E-C8882977532C}"
EndProject
Global
	GlobalSection(SolutionConfigurationPlatforms) = preSolution
		Debug|Any CPU = Debug|Any CPU
		Release|Any CPU = Release|Any CPU
	EndGlobalSection
	GlobalSection(ProjectConfigurationPlatforms) = postSolution
		{ADFA1AF9-CD9D-4C3F-BCDB-5F1F4D42AA37}.Debug|Any CPU.ActiveCfg = Debug|Any CPU
		{ADFA1AF9-CD9D-4C3F-BCDB-5F1F4D42AA37}.Debug|Any CPU.Build.0 = Debug|Any CPU
		{ADFA1AF9-CD9D-4C3F-BCDB-5F1F4D42AA37}.Release|Any CPU.ActiveCfg = Release|Any CPU
		{ADFA1AF9-CD9D-4C3F-BCDB-5F1F4D42AA37}.Release|Any CPU.Build.0 = Release|Any CPU
		{7B3544E2-06EA-4386-B43E-C8882977532C}.Debug|Any CPU.ActiveCfg = Debug|Any CPU
		{7B3544E2-06EA-4386-B43E-C8882977532C}.Debug|Any CPU.Build.0 = Debug|Any CPU
		{7B3544E2-06EA-4386-B43E-C8882977532C}.Release|Any CPU.ActiveCfg = Release|Any CPU
		{7B3544E2-06EA-4386-B43E-C8882977532C}.Release|Any CPU.Build.0 = Release|Any CPU
	EndGlobalSection
	GlobalSection(SolutionProperties) = preSolution
		HideSolutionNode = FALSE
	EndGlobalSection
	GlobalSection(ExtensibilityGlobals) = postSolution
		SolutionGuid = {6FBC636D-BAA2-43FC-83A0-589234FBB156}
	EndGlobalSection
EndGlobal
